
Microsoft Visual Studio Solution File, Format Version 12.00
# Visual Studio Version 17
VisualStudioVersion = 17.14.36811.4 d17.14
MinimumVisualStudioVersion = 10.0.40219.1
Project("{FAE04EC0-301F-11D3-BF4B-00C04F79EFBC}") = "WinSxSCleanupTool", "WinSxSCleanupTool.csproj", "{FDA5688C-E1B1-480A-81F5-14FEAB6E2434}"
EndProject
Global
	GlobalSection(SolutionConfigurationPlatforms) = preSolution
		Debug|Any CPU = Debug|Any CPU
		Release|Any CPU = Release|Any CPU
	EndGlobalSection
	GlobalSection(ProjectConfigurationPlatforms) = postSolution
		{FDA5688C-E1B1-480A-81F5-14FEAB6E2434}.Debug|Any CPU.ActiveCfg = Debug|Any CPU
		{FDA5688C-E1B1-480A-81F5-14FEAB6E2434}.Debug|Any CPU.Build.0 = Debug|Any CPU
		{FDA5688C-E1B1-480A-81F5-14FEAB6E2434}.Release|Any CPU.ActiveCfg = Release|Any CPU
		{FDA5688C-E1B1-480A-81F5-14FEAB6E2434}.Release|Any CPU.Build.0 = Release|Any CPU
	EndGlobalSection
	GlobalSection(SolutionProperties) = preSolution
		HideSolutionNode = FALSE
	EndGlobalSection
	GlobalSection(ExtensibilityGlobals) = postSolution
		SolutionGuid = {ED516EF4-963A-4FBD-888A-5F90BEE1AC05}
	EndGlobalSection
EndGlobal
